
Microsoft Visual Studio Solution File, Format Version 12.00
# Visual Studio Version 16
VisualStudioVersion = 16.0.36227.6
MinimumVisualStudioVersion = 10.0.40219.1
Project("{FAE04EC0-301F-11D3-BF4B-00C04F79EFBC}") = "JournalWeb", "JournalWeb\JournalWeb.csproj", "{B0F34B20-6753-4F7D-9D98-77F362961721}"
EndProject
Global
	GlobalSection(SolutionConfigurationPlatforms) = preSolution
		Debug|Any CPU = Debug|Any CPU
		Release|Any CPU = Release|Any CPU
	EndGlobalSection
	GlobalSection(ProjectConfigurationPlatforms) = postSolution
		{B0F34B20-6753-4F7D-9D98-77F362961721}.Debug|Any CPU.ActiveCfg = Debug|Any CPU
		{B0F34B20-6753-4F7D-9D98-77F362961721}.Debug|Any CPU.Build.0 = Debug|Any CPU
		{B0F34B20-6753-4F7D-9D98-77F362961721}.Release|Any CPU.ActiveCfg = Release|Any CPU
		{B0F34B20-6753-4F7D-9D98-77F362961721}.Release|Any CPU.Build.0 = Release|Any CPU
	EndGlobalSection
	GlobalSection(SolutionProperties) = preSolution
		HideSolutionNode = FALSE
	EndGlobalSection
	GlobalSection(ExtensibilityGlobals) = postSolution
		SolutionGuid = {83BB0A16-F78D-4A40-93E5-3935861EEC0D}
	EndGlobalSection
EndGlobal
